
Microsoft Visual Studio Solution File, Format Version 12.00
# Visual Studio Version 17
VisualStudioVersion = 17.7.34024.191
MinimumVisualStudioVersion = 10.0.40219.1
Project("{FAE04EC0-301F-11D3-BF4B-00C04F79EFBC}") = "FinalProjectAircraftFleetManager", "FinalProjectAircraftFleetManager.csproj", "{F2442FD2-5A60-41CC-8EB1-B04B5DEFC410}"
EndProject
Global
	GlobalSection(SolutionConfigurationPlatforms) = preSolution
		Debug|Any CPU = Debug|Any CPU
		Release|Any CPU = Release|Any CPU
	EndGlobalSection
	GlobalSection(ProjectConfigurationPlatforms) = postSolution
		{F2442FD2-5A60-41CC-8EB1-B04B5DEFC410}.Debug|Any CPU.ActiveCfg = Debug|Any CPU
		{F2442FD2-5A60-41CC-8EB1-B04B5DEFC410}.Debug|Any CPU.Build.0 = Debug|Any CPU
		{F2442FD2-5A60-41CC-8EB1-B04B5DEFC410}.Release|Any CPU.ActiveCfg = Release|Any CPU
		{F2442FD2-5A60-41CC-8EB1-B04B5DEFC410}.Release|Any CPU.Build.0 = Release|Any CPU
	EndGlobalSection
	GlobalSection(SolutionProperties) = preSolution
		HideSolutionNode = FALSE
	EndGlobalSection
	GlobalSection(ExtensibilityGlobals) = postSolution
		SolutionGuid = {D13CE1A1-DBBD-4CBC-9B0B-603041C843D2}
	EndGlobalSection
EndGlobal
